
Microsoft Visual Studio Solution File, Format Version 12.00
Project("{FAE04EC0-301F-11D3-BF4B-00C04F79EFBC}") = "KutCode.AutoMapper.Extensions", "src\KutCode.AutoMapper.Extensions\KutCode.AutoMapper.Extensions.csproj", "{039A21CA-FF7F-49CD-8B5B-4945DD4D3CA1}"
EndProject
Project("{2150E333-8FDC-42A3-9474-1A3956D46DE8}") = "src", "src", "{B30B02A2-8D10-400A-B90C-115393F312C6}"
EndProject
Project("{2150E333-8FDC-42A3-9474-1A3956D46DE8}") = "tests", "tests", "{24A5CC22-1B77-4BFC-ACEF-665946ACC59F}"
EndProject
Project("{FAE04EC0-301F-11D3-BF4B-00C04F79EFBC}") = "Integration.Tests", "tests\Integration.Tests\Integration.Tests.csproj", "{7E9807F9-9FF4-4FAA-9551-36F6E06E04C3}"
EndProject
Project("{FAE04EC0-301F-11D3-BF4B-00C04F79EFBC}") = "Main.Tests", "tests\Main.Tests\Main.Tests.csproj", "{D40C1855-0A3C-4E24-B895-EF9CB678674C}"
EndProject
Global
	GlobalSection(SolutionConfigurationPlatforms) = preSolution
		Debug|Any CPU = Debug|Any CPU
		Release|Any CPU = Release|Any CPU
	EndGlobalSection
	GlobalSection(ProjectConfigurationPlatforms) = postSolution
		{039A21CA-FF7F-49CD-8B5B-4945DD4D3CA1}.Debug|Any CPU.ActiveCfg = Debug|Any CPU
		{039A21CA-FF7F-49CD-8B5B-4945DD4D3CA1}.Debug|Any CPU.Build.0 = Debug|Any CPU
		{039A21CA-FF7F-49CD-8B5B-4945DD4D3CA1}.Release|Any CPU.ActiveCfg = Release|Any CPU
		{039A21CA-FF7F-49CD-8B5B-4945DD4D3CA1}.Release|Any CPU.Build.0 = Release|Any CPU
		{7E9807F9-9FF4-4FAA-9551-36F6E06E04C3}.Debug|Any CPU.ActiveCfg = Debug|Any CPU
		{7E9807F9-9FF4-4FAA-9551-36F6E06E04C3}.Debug|Any CPU.Build.0 = Debug|Any CPU
		{7E9807F9-9FF4-4FAA-9551-36F6E06E04C3}.Release|Any CPU.ActiveCfg = Release|Any CPU
		{7E9807F9-9FF4-4FAA-9551-36F6E06E04C3}.Release|Any CPU.Build.0 = Release|Any CPU
		{D40C1855-0A3C-4E24-B895-EF9CB678674C}.Debug|Any CPU.ActiveCfg = Debug|Any CPU
		{D40C1855-0A3C-4E24-B895-EF9CB678674C}.Debug|Any CPU.Build.0 = Debug|Any CPU
		{D40C1855-0A3C-4E24-B895-EF9CB678674C}.Release|Any CPU.ActiveCfg = Release|Any CPU
		{D40C1855-0A3C-4E24-B895-EF9CB678674C}.Release|Any CPU.Build.0 = Release|Any CPU
	EndGlobalSection
	GlobalSection(NestedProjects) = preSolution
		{039A21CA-FF7F-49CD-8B5B-4945DD4D3CA1} = {B30B02A2-8D10-400A-B90C-115393F312C6}
		{7E9807F9-9FF4-4FAA-9551-36F6E06E04C3} = {24A5CC22-1B77-4BFC-ACEF-665946ACC59F}
		{D40C1855-0A3C-4E24-B895-EF9CB678674C} = {24A5CC22-1B77-4BFC-ACEF-665946ACC59F}
	EndGlobalSection
EndGlobal
